
Microsoft Visual Studio Solution File, Format Version 12.00
# Visual Studio Version 16
VisualStudioVersion = 16.0.31829.152
MinimumVisualStudioVersion = 10.0.40219.1
Project("{9A19103F-16F7-4668-BE54-9A1E7A4F7556}") = "CM.WeeklyTeamReport.Domain", "src\CM.WeeklyTeamReport.Domain\CM.WeeklyTeamReport.Domain.csproj", "{F01CDF99-4B78-4E80-92B0-23F780D03229}"
EndProject
Project("{9A19103F-16F7-4668-BE54-9A1E7A4F7556}") = "CM.WeeklyTeamReport.Domain.Tests", "test\CM.WeeklyTeamReport.Domain.Tests\CM.WeeklyTeamReport.Domain.Tests.csproj", "{B08D4FB6-01A7-4FFE-A0FE-988B3083BAB8}"
EndProject
Project("{9A19103F-16F7-4668-BE54-9A1E7A4F7556}") = "CM.WeeklyTeamReport.Domain.IntegrationTests", "test\CM.WeeklyTeamReport.Domain.IntegrationTests\CM.WeeklyTeamReport.Domain.IntegrationTests.csproj", "{56BF8392-85EE-487B-BE11-C3CD1593DF7B}"
EndProject
Global
	GlobalSection(SolutionConfigurationPlatforms) = preSolution
		Debug|Any CPU = Debug|Any CPU
		Release|Any CPU = Release|Any CPU
	EndGlobalSection
	GlobalSection(ProjectConfigurationPlatforms) = postSolution
		{F01CDF99-4B78-4E80-92B0-23F780D03229}.Debug|Any CPU.ActiveCfg = Debug|Any CPU
		{F01CDF99-4B78-4E80-92B0-23F780D03229}.Debug|Any CPU.Build.0 = Debug|Any CPU
		{F01CDF99-4B78-4E80-92B0-23F780D03229}.Release|Any CPU.ActiveCfg = Release|Any CPU
		{F01CDF99-4B78-4E80-92B0-23F780D03229}.Release|Any CPU.Build.0 = Release|Any CPU
		{B08D4FB6-01A7-4FFE-A0FE-988B3083BAB8}.Debug|Any CPU.ActiveCfg = Debug|Any CPU
		{B08D4FB6-01A7-4FFE-A0FE-988B3083BAB8}.Debug|Any CPU.Build.0 = Debug|Any CPU
		{B08D4FB6-01A7-4FFE-A0FE-988B3083BAB8}.Release|Any CPU.ActiveCfg = Release|Any CPU
		{B08D4FB6-01A7-4FFE-A0FE-988B3083BAB8}.Release|Any CPU.Build.0 = Release|Any CPU
		{56BF8392-85EE-487B-BE11-C3CD1593DF7B}.Debug|Any CPU.ActiveCfg = Debug|Any CPU
		{56BF8392-85EE-487B-BE11-C3CD1593DF7B}.Debug|Any CPU.Build.0 = Debug|Any CPU
		{56BF8392-85EE-487B-BE11-C3CD1593DF7B}.Release|Any CPU.ActiveCfg = Release|Any CPU
		{56BF8392-85EE-487B-BE11-C3CD1593DF7B}.Release|Any CPU.Build.0 = Release|Any CPU
		{9600E672-B3E2-4D51-B008-44EE95A6DA46}.Debug|Any CPU.ActiveCfg = Debug|Any CPU
		{9600E672-B3E2-4D51-B008-44EE95A6DA46}.Debug|Any CPU.Build.0 = Debug|Any CPU
		{9600E672-B3E2-4D51-B008-44EE95A6DA46}.Debug|Any CPU.Deploy.0 = Debug|Any CPU
		{9600E672-B3E2-4D51-B008-44EE95A6DA46}.Release|Any CPU.ActiveCfg = Release|Any CPU
		{9600E672-B3E2-4D51-B008-44EE95A6DA46}.Release|Any CPU.Build.0 = Release|Any CPU
		{9600E672-B3E2-4D51-B008-44EE95A6DA46}.Release|Any CPU.Deploy.0 = Release|Any CPU
	EndGlobalSection
	GlobalSection(SolutionProperties) = preSolution
		HideSolutionNode = FALSE
	EndGlobalSection
	GlobalSection(ExtensibilityGlobals) = postSolution
		SolutionGuid = {9DB49200-962C-4567-B608-A32149F1B7D5}
	EndGlobalSection
EndGlobal
